
Microsoft Visual Studio Solution File, Format Version 10.00
# Visual Studio 2008
Project("{8BC9CEB8-8B4A-11D0-8D11-00A0C91BC942}") = "1gx_net", "1gx_net.vcproj", "{29BC7737-C486-44E3-8073-EB58E0C0104C}"
EndProject
Global
	GlobalSection(SolutionConfigurationPlatforms) = preSolution
		Debug|Win32 = Debug|Win32
		Release|Win32 = Release|Win32
	EndGlobalSection
	GlobalSection(ProjectConfigurationPlatforms) = postSolution
		{29BC7737-C486-44E3-8073-EB58E0C0104C}.Debug|Win32.ActiveCfg = Debug|Win32
		{29BC7737-C486-44E3-8073-EB58E0C0104C}.Debug|Win32.Build.0 = Debug|Win32
		{29BC7737-C486-44E3-8073-EB58E0C0104C}.Release|Win32.ActiveCfg = Release|Win32
		{29BC7737-C486-44E3-8073-EB58E0C0104C}.Release|Win32.Build.0 = Release|Win32
	EndGlobalSection
	GlobalSection(SolutionProperties) = preSolution
		HideSolutionNode = FALSE
	EndGlobalSection
EndGlobal
