
Microsoft Visual Studio Solution File, Format Version 10.00
# Visual Studio 2008
Project("{8BC9CEB8-8B4A-11D0-8D11-00A0C91BC942}") = "ad_sound2", "ad_sound2.vcproj", "{4193B798-BB71-480C-95B6-DE97A87B31AE}"
EndProject
Global
	GlobalSection(SolutionConfigurationPlatforms) = preSolution
		Debug|Win32 = Debug|Win32
	EndGlobalSection
	GlobalSection(ProjectConfigurationPlatforms) = postSolution
		{4193B798-BB71-480C-95B6-DE97A87B31AE}.Debug|Win32.ActiveCfg = Debug|Win32
		{4193B798-BB71-480C-95B6-DE97A87B31AE}.Debug|Win32.Build.0 = Debug|Win32
	EndGlobalSection
	GlobalSection(SolutionProperties) = preSolution
		HideSolutionNode = FALSE
	EndGlobalSection
EndGlobal
