
Microsoft Visual Studio Solution File, Format Version 10.00
# Visual Studio 2008
Project("{8BC9CEB8-8B4A-11D0-8D11-00A0C91BC942}") = "00glc_gpk", "00glc_gpk.vcproj", "{70001EEA-BA78-443D-BA98-811F781687AC}"
	ProjectSection(ProjectDependencies) = postProject
		{9CE37878-992D-4511-94E7-E343C66F5940} = {9CE37878-992D-4511-94E7-E343C66F5940}
		{5C862FC7-ECBB-4C48-A10B-AA4F47F0AA2F} = {5C862FC7-ECBB-4C48-A10B-AA4F47F0AA2F}
		{FE26A2E1-C74E-4808-AA1E-31CD1542BEAB} = {FE26A2E1-C74E-4808-AA1E-31CD1542BEAB}
		{1E0C8BF8-6062-48FF-B9A9-F502D8BE2CBB} = {1E0C8BF8-6062-48FF-B9A9-F502D8BE2CBB}
	EndProjectSection
EndProject
Project("{8BC9CEB8-8B4A-11D0-8D11-00A0C91BC942}") = "01dgeinc", "01dgeinc\01dgeinc.vcproj", "{5C862FC7-ECBB-4C48-A10B-AA4F47F0AA2F}"
EndProject
Project("{8BC9CEB8-8B4A-11D0-8D11-00A0C91BC942}") = "11glc22", "11glc22\11glc22.vcproj", "{9CE37878-992D-4511-94E7-E343C66F5940}"
	ProjectSection(ProjectDependencies) = postProject
		{5C862FC7-ECBB-4C48-A10B-AA4F47F0AA2F} = {5C862FC7-ECBB-4C48-A10B-AA4F47F0AA2F}
	EndProjectSection
EndProject
Project("{8BC9CEB8-8B4A-11D0-8D11-00A0C91BC942}") = "12glx22", "12glx22\12glx22.vcproj", "{FE26A2E1-C74E-4808-AA1E-31CD1542BEAB}"
	ProjectSection(ProjectDependencies) = postProject
		{9CE37878-992D-4511-94E7-E343C66F5940} = {9CE37878-992D-4511-94E7-E343C66F5940}
		{5C862FC7-ECBB-4C48-A10B-AA4F47F0AA2F} = {5C862FC7-ECBB-4C48-A10B-AA4F47F0AA2F}
	EndProjectSection
EndProject
Project("{8BC9CEB8-8B4A-11D0-8D11-00A0C91BC942}") = "13glt22", "13glt22\13glt22.vcproj", "{1E0C8BF8-6062-48FF-B9A9-F502D8BE2CBB}"
	ProjectSection(ProjectDependencies) = postProject
		{9CE37878-992D-4511-94E7-E343C66F5940} = {9CE37878-992D-4511-94E7-E343C66F5940}
		{5C862FC7-ECBB-4C48-A10B-AA4F47F0AA2F} = {5C862FC7-ECBB-4C48-A10B-AA4F47F0AA2F}
		{FE26A2E1-C74E-4808-AA1E-31CD1542BEAB} = {FE26A2E1-C74E-4808-AA1E-31CD1542BEAB}
	EndProjectSection
EndProject
Global
	GlobalSection(SolutionConfigurationPlatforms) = preSolution
		Debug|Win32 = Debug|Win32
		Release|Win32 = Release|Win32
	EndGlobalSection
	GlobalSection(ProjectConfigurationPlatforms) = postSolution
		{70001EEA-BA78-443D-BA98-811F781687AC}.Debug|Win32.ActiveCfg = Debug|Win32
		{70001EEA-BA78-443D-BA98-811F781687AC}.Debug|Win32.Build.0 = Debug|Win32
		{70001EEA-BA78-443D-BA98-811F781687AC}.Release|Win32.ActiveCfg = Release|Win32
		{70001EEA-BA78-443D-BA98-811F781687AC}.Release|Win32.Build.0 = Release|Win32
		{5C862FC7-ECBB-4C48-A10B-AA4F47F0AA2F}.Debug|Win32.ActiveCfg = Debug|Win32
		{5C862FC7-ECBB-4C48-A10B-AA4F47F0AA2F}.Debug|Win32.Build.0 = Debug|Win32
		{5C862FC7-ECBB-4C48-A10B-AA4F47F0AA2F}.Release|Win32.ActiveCfg = Release|Win32
		{5C862FC7-ECBB-4C48-A10B-AA4F47F0AA2F}.Release|Win32.Build.0 = Release|Win32
		{9CE37878-992D-4511-94E7-E343C66F5940}.Debug|Win32.ActiveCfg = Debug|Win32
		{9CE37878-992D-4511-94E7-E343C66F5940}.Debug|Win32.Build.0 = Debug|Win32
		{9CE37878-992D-4511-94E7-E343C66F5940}.Release|Win32.ActiveCfg = Release|Win32
		{9CE37878-992D-4511-94E7-E343C66F5940}.Release|Win32.Build.0 = Release|Win32
		{FE26A2E1-C74E-4808-AA1E-31CD1542BEAB}.Debug|Win32.ActiveCfg = Debug|Win32
		{FE26A2E1-C74E-4808-AA1E-31CD1542BEAB}.Debug|Win32.Build.0 = Debug|Win32
		{FE26A2E1-C74E-4808-AA1E-31CD1542BEAB}.Release|Win32.ActiveCfg = Release|Win32
		{FE26A2E1-C74E-4808-AA1E-31CD1542BEAB}.Release|Win32.Build.0 = Release|Win32
		{1E0C8BF8-6062-48FF-B9A9-F502D8BE2CBB}.Debug|Win32.ActiveCfg = Debug|Win32
		{1E0C8BF8-6062-48FF-B9A9-F502D8BE2CBB}.Debug|Win32.Build.0 = Debug|Win32
		{1E0C8BF8-6062-48FF-B9A9-F502D8BE2CBB}.Release|Win32.ActiveCfg = Release|Win32
		{1E0C8BF8-6062-48FF-B9A9-F502D8BE2CBB}.Release|Win32.Build.0 = Release|Win32
	EndGlobalSection
	GlobalSection(SolutionProperties) = preSolution
		HideSolutionNode = FALSE
	EndGlobalSection
EndGlobal
