
Microsoft Visual Studio Solution File, Format Version 10.00
# Visual Studio 2008
Project("{8BC9CEB8-8B4A-11D0-8D11-00A0C91BC942}") = "ad_font2", "ad_font2.vcproj", "{AD41ECB7-6C3C-4897-874D-26EF1AA29779}"
EndProject
Global
	GlobalSection(SolutionConfigurationPlatforms) = preSolution
		Debug|Win32 = Debug|Win32
	EndGlobalSection
	GlobalSection(ProjectConfigurationPlatforms) = postSolution
		{AD41ECB7-6C3C-4897-874D-26EF1AA29779}.Debug|Win32.ActiveCfg = Debug|Win32
		{AD41ECB7-6C3C-4897-874D-26EF1AA29779}.Debug|Win32.Build.0 = Debug|Win32
	EndGlobalSection
	GlobalSection(SolutionProperties) = preSolution
		HideSolutionNode = FALSE
	EndGlobalSection
EndGlobal
